
Microsoft Visual Studio Solution File, Format Version 12.00
# Visual Studio 15
VisualStudioVersion = 15.0.27130.2036
MinimumVisualStudioVersion = 10.0.40219.1
Project("{FAE04EC0-301F-11D3-BF4B-00C04F79EFBC}") = "CampingBot", "CampingBot\CampingBot.csproj", "{EDCC7931-6578-4CC2-B011-BC6C06588B38}"
EndProject
Project("{FAE04EC0-301F-11D3-BF4B-00C04F79EFBC}") = "CampingAPI", "CampingAPI\CampingAPI.csproj", "{45663F74-478A-40F8-BB44-8010E5725893}"
EndProject
Global
	GlobalSection(SolutionConfigurationPlatforms) = preSolution
		Debug|Any CPU = Debug|Any CPU
		Release|Any CPU = Release|Any CPU
	EndGlobalSection
	GlobalSection(ProjectConfigurationPlatforms) = postSolution
		{EDCC7931-6578-4CC2-B011-BC6C06588B38}.Debug|Any CPU.ActiveCfg = Debug|Any CPU
		{EDCC7931-6578-4CC2-B011-BC6C06588B38}.Debug|Any CPU.Build.0 = Debug|Any CPU
		{EDCC7931-6578-4CC2-B011-BC6C06588B38}.Release|Any CPU.ActiveCfg = Release|Any CPU
		{EDCC7931-6578-4CC2-B011-BC6C06588B38}.Release|Any CPU.Build.0 = Release|Any CPU
		{45663F74-478A-40F8-BB44-8010E5725893}.Debug|Any CPU.ActiveCfg = Debug|Any CPU
		{45663F74-478A-40F8-BB44-8010E5725893}.Debug|Any CPU.Build.0 = Debug|Any CPU
		{45663F74-478A-40F8-BB44-8010E5725893}.Release|Any CPU.ActiveCfg = Release|Any CPU
		{45663F74-478A-40F8-BB44-8010E5725893}.Release|Any CPU.Build.0 = Release|Any CPU
	EndGlobalSection
	GlobalSection(SolutionProperties) = preSolution
		HideSolutionNode = FALSE
	EndGlobalSection
	GlobalSection(ExtensibilityGlobals) = postSolution
		SolutionGuid = {FA6315C4-CF1C-4F78-9AFC-335370636683}
	EndGlobalSection
EndGlobal
